// !$*UTF8*$!
{
	archiveVersion = 1;
	classes = {
	};
	objectVersion = 46;
	objects = {

/* Begin PBXBuildFile section */
		1D0C47F21890F52C006F35C0 /* WYPopoverController.m in Sources */ = {isa = PBXBuildFile; fileRef = 1D0C47EF1890F52C006F35C0 /* WYPopoverController.m */; };
		1D0C47F31890F52C006F35C0 /* WYStoryboardPopoverSegue.m in Sources */ = {isa = PBXBuildFile; fileRef = 1D0C47F11890F52C006F35C0 /* WYStoryboardPopoverSegue.m */; };
		1D0C47FC1890F6EE006F35C0 /* SelectorTableViewController.m in Sources */ = {isa = PBXBuildFile; fileRef = 1D0C47FB1890F6EE006F35C0 /* SelectorTableViewController.m */; };
		1D21C46118B75A89000D3F4E /* ASCScreenBrightnessDetector.m in Sources */ = {isa = PBXBuildFile; fileRef = 1D21C46018B75A89000D3F4E /* ASCScreenBrightnessDetector.m */; };
		1D33617318C71D7100FD4EBC /* MainViewBackground@2x.png in Resources */ = {isa = PBXBuildFile; fileRef = 1D33617218C71D7100FD4EBC /* MainViewBackground@2x.png */; };
		1D33617718C7293600FD4EBC /* GHContextMenuView.m in Sources */ = {isa = PBXBuildFile; fileRef = 1D33617618C7293600FD4EBC /* GHContextMenuView.m */; };
		1D33617918C72B6A00FD4EBC /* QuartzCore.framework in Frameworks */ = {isa = PBXBuildFile; fileRef = 1D33617818C72B6A00FD4EBC /* QuartzCore.framework */; };
		1D42BCB818AC595C000E2FA1 /* AddressBook.framework in Frameworks */ = {isa = PBXBuildFile; fileRef = 1D42BCB718AC595C000E2FA1 /* AddressBook.framework */; };
		1D42BCBA18AC5961000E2FA1 /* AddressBookUI.framework in Frameworks */ = {isa = PBXBuildFile; fileRef = 1D42BCB918AC5960000E2FA1 /* AddressBookUI.framework */; };
		1D512BC418C808B800476419 /* contextMenu_add_user@2x.png in Resources */ = {isa = PBXBuildFile; fileRef = 1D512BC118C808B800476419 /* contextMenu_add_user@2x.png */; };
		1D512BC518C808B800476419 /* contextMenu_contacts@2x.png in Resources */ = {isa = PBXBuildFile; fileRef = 1D512BC218C808B800476419 /* contextMenu_contacts@2x.png */; };
		1D512BC618C808B800476419 /* contextMenu_phone@2x.png in Resources */ = {isa = PBXBuildFile; fileRef = 1D512BC318C808B800476419 /* contextMenu_phone@2x.png */; };
		1D56711618C5BCDA00412DC5 /* DiallingCodes.plist in Resources */ = {isa = PBXBuildFile; fileRef = 1D56711518C5BCDA00412DC5 /* DiallingCodes.plist */; };
		1D56711918C5BD4300412DC5 /* DiallingCodesHelper.m in Sources */ = {isa = PBXBuildFile; fileRef = 1D56711818C5BD4300412DC5 /* DiallingCodesHelper.m */; };
		1D663ABB18D1846700B3B537 /* IDNumPadView.m in Sources */ = {isa = PBXBuildFile; fileRef = 1D663ABA18D1846700B3B537 /* IDNumPadView.m */; };
		1D6B4B8E18A9DACE0098ADDB /* XCTest.framework in Frameworks */ = {isa = PBXBuildFile; fileRef = 1D6B4B8718A9DA940098ADDB /* XCTest.framework */; };
		1D6B4B8F18A9DACE0098ADDB /* Foundation.framework in Frameworks */ = {isa = PBXBuildFile; fileRef = 3D592E50177DFD9800C82F74 /* Foundation.framework */; };
		1D6B4B9018A9DACE0098ADDB /* UIKit.framework in Frameworks */ = {isa = PBXBuildFile; fileRef = 3D592E4E177DFD9800C82F74 /* UIKit.framework */; };
		1D6B4B9618A9DACE0098ADDB /* InfoPlist.strings in Resources */ = {isa = PBXBuildFile; fileRef = 1D6B4B9418A9DACE0098ADDB /* InfoPlist.strings */; };
		1D6B4B9818A9DACE0098ADDB /* IDD_Dialer_Tests.m in Sources */ = {isa = PBXBuildFile; fileRef = 1D6B4B9718A9DACE0098ADDB /* IDD_Dialer_Tests.m */; };
		1DD7EA22190E471D006C94A4 /* Preference.plist in Resources */ = {isa = PBXBuildFile; fileRef = 1DD7EA21190E471D006C94A4 /* Preference.plist */; };
		3D592E4F177DFD9800C82F74 /* UIKit.framework in Frameworks */ = {isa = PBXBuildFile; fileRef = 3D592E4E177DFD9800C82F74 /* UIKit.framework */; };
		3D592E51177DFD9800C82F74 /* Foundation.framework in Frameworks */ = {isa = PBXBuildFile; fileRef = 3D592E50177DFD9800C82F74 /* Foundation.framework */; };
		3D592E53177DFD9800C82F74 /* CoreGraphics.framework in Frameworks */ = {isa = PBXBuildFile; fileRef = 3D592E52177DFD9800C82F74 /* CoreGraphics.framework */; };
		3D592E59177DFD9800C82F74 /* InfoPlist.strings in Resources */ = {isa = PBXBuildFile; fileRef = 3D592E57177DFD9800C82F74 /* InfoPlist.strings */; };
		3D592E5B177DFD9800C82F74 /* main.m in Sources */ = {isa = PBXBuildFile; fileRef = 3D592E5A177DFD9800C82F74 /* main.m */; };
		3D592E5F177DFD9800C82F74 /* AppDelegate.m in Sources */ = {isa = PBXBuildFile; fileRef = 3D592E5E177DFD9800C82F74 /* AppDelegate.m */; };
		3D592E61177DFD9800C82F74 /* Default.png in Resources */ = {isa = PBXBuildFile; fileRef = 3D592E60177DFD9800C82F74 /* Default.png */; };
		3D592E63177DFD9800C82F74 /* Default@2x.png in Resources */ = {isa = PBXBuildFile; fileRef = 3D592E62177DFD9800C82F74 /* Default@2x.png */; };
		3D592E65177DFD9800C82F74 /* Default-568h@2x.png in Resources */ = {isa = PBXBuildFile; fileRef = 3D592E64177DFD9800C82F74 /* Default-568h@2x.png */; };
		3D592E68177DFD9800C82F74 /* MainViewController.m in Sources */ = {isa = PBXBuildFile; fileRef = 3D592E67177DFD9800C82F74 /* MainViewController.m */; };
		3D592E6B177DFD9900C82F74 /* MainViewController.xib in Resources */ = {isa = PBXBuildFile; fileRef = 3D592E69177DFD9900C82F74 /* MainViewController.xib */; };
		3D592E77177E3A3B00C82F74 /* SettingViewController.m in Sources */ = {isa = PBXBuildFile; fileRef = 3D592E75177E3A3B00C82F74 /* SettingViewController.m */; };
		3D592E78177E3A3B00C82F74 /* SettingViewController.xib in Resources */ = {isa = PBXBuildFile; fileRef = 3D592E76177E3A3B00C82F74 /* SettingViewController.xib */; };
		3D592E7E177E43F700C82F74 /* icon@2x.png in Resources */ = {isa = PBXBuildFile; fileRef = 3D592E7D177E43F700C82F74 /* icon@2x.png */; };
		3D592E80177E43FB00C82F74 /* icon.png in Resources */ = {isa = PBXBuildFile; fileRef = 3D592E7F177E43FB00C82F74 /* icon.png */; };
		3D6C52F7177EB89500203EB6 /* CountryCodeData.plist in Resources */ = {isa = PBXBuildFile; fileRef = 3D6C52F5177EB89500203EB6 /* CountryCodeData.plist */; };
		3D6C52F8177EB89500203EB6 /* IDDData.plist in Resources */ = {isa = PBXBuildFile; fileRef = 3D6C52F6177EB89500203EB6 /* IDDData.plist */; };
		3D6C52FC177EE19200203EB6 /* AddIDDViewController.m in Sources */ = {isa = PBXBuildFile; fileRef = 3D6C52FA177EE19200203EB6 /* AddIDDViewController.m */; };
		3D6C52FD177EE19200203EB6 /* AddIDDViewController.xib in Resources */ = {isa = PBXBuildFile; fileRef = 3D6C52FB177EE19200203EB6 /* AddIDDViewController.xib */; };
/* End PBXBuildFile section */

/* Begin PBXContainerItemProxy section */
		1D6B4B9A18A9DACE0098ADDB /* PBXContainerItemProxy */ = {
			isa = PBXContainerItemProxy;
			containerPortal = 3D592E43177DFD9800C82F74 /* Project object */;
			proxyType = 1;
			remoteGlobalIDString = 3D592E4A177DFD9800C82F74;
			remoteInfo = "IDD Dialer";
		};
/* End PBXContainerItemProxy section */

/* Begin PBXFileReference section */
		1D0C47EE1890F52C006F35C0 /* WYPopoverController.h */ = {isa = PBXFileReference; fileEncoding = 4; lastKnownFileType = sourcecode.c.h; path = WYPopoverController.h; sourceTree = "<group>"; };
		1D0C47EF1890F52C006F35C0 /* WYPopoverController.m */ = {isa = PBXFileReference; fileEncoding = 4; lastKnownFileType = sourcecode.c.objc; path = WYPopoverController.m; sourceTree = "<group>"; };
		1D0C47F01890F52C006F35C0 /* WYStoryboardPopoverSegue.h */ = {isa = PBXFileReference; fileEncoding = 4; lastKnownFileType = sourcecode.c.h; path = WYStoryboardPopoverSegue.h; sourceTree = "<group>"; };
		1D0C47F11890F52C006F35C0 /* WYStoryboardPopoverSegue.m */ = {isa = PBXFileReference; fileEncoding = 4; lastKnownFileType = sourcecode.c.objc; path = WYStoryboardPopoverSegue.m; sourceTree = "<group>"; };
		1D0C47FA1890F6EE006F35C0 /* SelectorTableViewController.h */ = {isa = PBXFileReference; fileEncoding = 4; lastKnownFileType = sourcecode.c.h; path = SelectorTableViewController.h; sourceTree = "<group>"; };
		1D0C47FB1890F6EE006F35C0 /* SelectorTableViewController.m */ = {isa = PBXFileReference; fileEncoding = 4; lastKnownFileType = sourcecode.c.objc; path = SelectorTableViewController.m; sourceTree = "<group>"; };
		1D21C45F18B75A89000D3F4E /* ASCScreenBrightnessDetector.h */ = {isa = PBXFileReference; fileEncoding = 4; lastKnownFileType = sourcecode.c.h; path = ASCScreenBrightnessDetector.h; sourceTree = "<group>"; };
		1D21C46018B75A89000D3F4E /* ASCScreenBrightnessDetector.m */ = {isa = PBXFileReference; fileEncoding = 4; lastKnownFileType = sourcecode.c.objc; path = ASCScreenBrightnessDetector.m; sourceTree = "<group>"; };
		1D33617218C71D7100FD4EBC /* MainViewBackground@2x.png */ = {isa = PBXFileReference; lastKnownFileType = image.png; path = "MainViewBackground@2x.png"; sourceTree = "<group>"; };
		1D33617518C7293600FD4EBC /* GHContextMenuView.h */ = {isa = PBXFileReference; fileEncoding = 4; lastKnownFileType = sourcecode.c.h; path = GHContextMenuView.h; sourceTree = "<group>"; };
		1D33617618C7293600FD4EBC /* GHContextMenuView.m */ = {isa = PBXFileReference; fileEncoding = 4; lastKnownFileType = sourcecode.c.objc; path = GHContextMenuView.m; sourceTree = "<group>"; };
		1D33617818C72B6A00FD4EBC /* QuartzCore.framework */ = {isa = PBXFileReference; lastKnownFileType = wrapper.framework; name = QuartzCore.framework; path = System/Library/Frameworks/QuartzCore.framework; sourceTree = SDKROOT; };
		1D42BCB718AC595C000E2FA1 /* AddressBook.framework */ = {isa = PBXFileReference; lastKnownFileType = wrapper.framework; name = AddressBook.framework; path = System/Library/Frameworks/AddressBook.framework; sourceTree = SDKROOT; };
		1D42BCB918AC5960000E2FA1 /* AddressBookUI.framework */ = {isa = PBXFileReference; lastKnownFileType = wrapper.framework; name = AddressBookUI.framework; path = System/Library/Frameworks/AddressBookUI.framework; sourceTree = SDKROOT; };
		1D512BC118C808B800476419 /* contextMenu_add_user@2x.png */ = {isa = PBXFileReference; lastKnownFileType = image.png; path = "contextMenu_add_user@2x.png"; sourceTree = "<group>"; };
		1D512BC218C808B800476419 /* contextMenu_contacts@2x.png */ = {isa = PBXFileReference; lastKnownFileType = image.png; path = "contextMenu_contacts@2x.png"; sourceTree = "<group>"; };
		1D512BC318C808B800476419 /* contextMenu_phone@2x.png */ = {isa = PBXFileReference; lastKnownFileType = image.png; path = "contextMenu_phone@2x.png"; sourceTree = "<group>"; };
		1D56711518C5BCDA00412DC5 /* DiallingCodes.plist */ = {isa = PBXFileReference; fileEncoding = 4; lastKnownFileType = text.plist.xml; path = DiallingCodes.plist; sourceTree = "<group>"; };
		1D56711718C5BD4300412DC5 /* DiallingCodesHelper.h */ = {isa = PBXFileReference; fileEncoding = 4; lastKnownFileType = sourcecode.c.h; name = DiallingCodesHelper.h; path = DialingCodesHelper/DiallingCodesHelper.h; sourceTree = "<group>"; };
		1D56711818C5BD4300412DC5 /* DiallingCodesHelper.m */ = {isa = PBXFileReference; fileEncoding = 4; lastKnownFileType = sourcecode.c.objc; name = DiallingCodesHelper.m; path = DialingCodesHelper/DiallingCodesHelper.m; sourceTree = "<group>"; };
		1D663AB918D1846700B3B537 /* IDNumPadView.h */ = {isa = PBXFileReference; fileEncoding = 4; lastKnownFileType = sourcecode.c.h; path = IDNumPadView.h; sourceTree = "<group>"; };
		1D663ABA18D1846700B3B537 /* IDNumPadView.m */ = {isa = PBXFileReference; fileEncoding = 4; lastKnownFileType = sourcecode.c.objc; path = IDNumPadView.m; sourceTree = "<group>"; };
		1D6B4B8718A9DA940098ADDB /* XCTest.framework */ = {isa = PBXFileReference; lastKnownFileType = wrapper.framework; name = XCTest.framework; path = Library/Frameworks/XCTest.framework; sourceTree = DEVELOPER_DIR; };
		1D6B4B8D18A9DACE0098ADDB /* IDD Dialer Tests.xctest */ = {isa = PBXFileReference; explicitFileType = wrapper.cfbundle; includeInIndex = 0; path = "IDD Dialer Tests.xctest"; sourceTree = BUILT_PRODUCTS_DIR; };
		1D6B4B9318A9DACE0098ADDB /* IDD Dialer Tests-Info.plist */ = {isa = PBXFileReference; lastKnownFileType = text.plist.xml; path = "IDD Dialer Tests-Info.plist"; sourceTree = "<group>"; };
		1D6B4B9518A9DACE0098ADDB /* en */ = {isa = PBXFileReference; lastKnownFileType = text.plist.strings; name = en; path = en.lproj/InfoPlist.strings; sourceTree = "<group>"; };
		1D6B4B9718A9DACE0098ADDB /* IDD_Dialer_Tests.m */ = {isa = PBXFileReference; lastKnownFileType = sourcecode.c.objc; path = IDD_Dialer_Tests.m; sourceTree = "<group>"; };
		1D6B4B9918A9DACE0098ADDB /* IDD Dialer Tests-Prefix.pch */ = {isa = PBXFileReference; lastKnownFileType = sourcecode.c.h; path = "IDD Dialer Tests-Prefix.pch"; sourceTree = "<group>"; };
		1DD7EA21190E471D006C94A4 /* Preference.plist */ = {isa = PBXFileReference; fileEncoding = 4; lastKnownFileType = text.plist.xml; path = Preference.plist; sourceTree = "<group>"; };
		3D592E4B177DFD9800C82F74 /* IDD Dialer.app */ = {isa = PBXFileReference; explicitFileType = wrapper.application; includeInIndex = 0; path = "IDD Dialer.app"; sourceTree = BUILT_PRODUCTS_DIR; };
		3D592E4E177DFD9800C82F74 /* UIKit.framework */ = {isa = PBXFileReference; lastKnownFileType = wrapper.framework; name = UIKit.framework; path = System/Library/Frameworks/UIKit.framework; sourceTree = SDKROOT; };
		3D592E50177DFD9800C82F74 /* Foundation.framework */ = {isa = PBXFileReference; lastKnownFileType = wrapper.framework; name = Foundation.framework; path = System/Library/Frameworks/Foundation.framework; sourceTree = SDKROOT; };
		3D592E52177DFD9800C82F74 /* CoreGraphics.framework */ = {isa = PBXFileReference; lastKnownFileType = wrapper.framework; name = CoreGraphics.framework; path = System/Library/Frameworks/CoreGraphics.framework; sourceTree = SDKROOT; };
		3D592E56177DFD9800C82F74 /* IDD Dialer-Info.plist */ = {isa = PBXFileReference; lastKnownFileType = text.plist.xml; path = "IDD Dialer-Info.plist"; sourceTree = "<group>"; };
		3D592E58177DFD9800C82F74 /* en */ = {isa = PBXFileReference; lastKnownFileType = text.plist.strings; name = en; path = en.lproj/InfoPlist.strings; sourceTree = "<group>"; };
		3D592E5A177DFD9800C82F74 /* main.m */ = {isa = PBXFileReference; lastKnownFileType = sourcecode.c.objc; path = main.m; sourceTree = "<group>"; };
		3D592E5C177DFD9800C82F74 /* IDD Dialer-Prefix.pch */ = {isa = PBXFileReference; lastKnownFileType = sourcecode.c.h; path = "IDD Dialer-Prefix.pch"; sourceTree = "<group>"; };
		3D592E5D177DFD9800C82F74 /* AppDelegate.h */ = {isa = PBXFileReference; lastKnownFileType = sourcecode.c.h; path = AppDelegate.h; sourceTree = "<group>"; };
		3D592E5E177DFD9800C82F74 /* AppDelegate.m */ = {isa = PBXFileReference; lastKnownFileType = sourcecode.c.objc; path = AppDelegate.m; sourceTree = "<group>"; };
		3D592E60177DFD9800C82F74 /* Default.png */ = {isa = PBXFileReference; lastKnownFileType = image.png; path = Default.png; sourceTree = "<group>"; };
		3D592E62177DFD9800C82F74 /* Default@2x.png */ = {isa = PBXFileReference; lastKnownFileType = image.png; path = "Default@2x.png"; sourceTree = "<group>"; };
		3D592E64177DFD9800C82F74 /* Default-568h@2x.png */ = {isa = PBXFileReference; lastKnownFileType = image.png; path = "Default-568h@2x.png"; sourceTree = "<group>"; };
		3D592E66177DFD9800C82F74 /* MainViewController.h */ = {isa = PBXFileReference; lastKnownFileType = sourcecode.c.h; path = MainViewController.h; sourceTree = "<group>"; };
		3D592E67177DFD9800C82F74 /* MainViewController.m */ = {isa = PBXFileReference; lastKnownFileType = sourcecode.c.objc; path = MainViewController.m; sourceTree = "<group>"; };
		3D592E6A177DFD9900C82F74 /* en */ = {isa = PBXFileReference; lastKnownFileType = file.xib; name = en; path = en.lproj/MainViewController.xib; sourceTree = "<group>"; };
		3D592E74177E3A3B00C82F74 /* SettingViewController.h */ = {isa = PBXFileReference; fileEncoding = 4; lastKnownFileType = sourcecode.c.h; path = SettingViewController.h; sourceTree = "<group>"; };
		3D592E75177E3A3B00C82F74 /* SettingViewController.m */ = {isa = PBXFileReference; fileEncoding = 4; lastKnownFileType = sourcecode.c.objc; path = SettingViewController.m; sourceTree = "<group>"; };
		3D592E76177E3A3B00C82F74 /* SettingViewController.xib */ = {isa = PBXFileReference; fileEncoding = 4; lastKnownFileType = file.xib; path = SettingViewController.xib; sourceTree = "<group>"; };
		3D592E7D177E43F700C82F74 /* icon@2x.png */ = {isa = PBXFileReference; lastKnownFileType = image.png; path = "icon@2x.png"; sourceTree = "<group>"; };
		3D592E7F177E43FB00C82F74 /* icon.png */ = {isa = PBXFileReference; lastKnownFileType = image.png; path = icon.png; sourceTree = "<group>"; };
		3D6C52F5177EB89500203EB6 /* CountryCodeData.plist */ = {isa = PBXFileReference; fileEncoding = 4; lastKnownFileType = text.plist.xml; path = CountryCodeData.plist; sourceTree = "<group>"; };
		3D6C52F6177EB89500203EB6 /* IDDData.plist */ = {isa = PBXFileReference; fileEncoding = 4; lastKnownFileType = text.plist.xml; path = IDDData.plist; sourceTree = "<group>"; };
		3D6C52F9177EE19200203EB6 /* AddIDDViewController.h */ = {isa = PBXFileReference; fileEncoding = 4; lastKnownFileType = sourcecode.c.h; path = AddIDDViewController.h; sourceTree = "<group>"; };
		3D6C52FA177EE19200203EB6 /* AddIDDViewController.m */ = {isa = PBXFileReference; fileEncoding = 4; lastKnownFileType = sourcecode.c.objc; path = AddIDDViewController.m; sourceTree = "<group>"; };
		3D6C52FB177EE19200203EB6 /* AddIDDViewController.xib */ = {isa = PBXFileReference; fileEncoding = 4; lastKnownFileType = file.xib; path = AddIDDViewController.xib; sourceTree = "<group>"; };
/* End PBXFileReference section */

/* Begin PBXFrameworksBuildPhase section */
		1D6B4B8A18A9DACE0098ADDB /* Frameworks */ = {
			isa = PBXFrameworksBuildPhase;
			buildActionMask = 2147483647;
			files = (
				1D6B4B8E18A9DACE0098ADDB /* XCTest.framework in Frameworks */,
				1D6B4B9018A9DACE0098ADDB /* UIKit.framework in Frameworks */,
				1D6B4B8F18A9DACE0098ADDB /* Foundation.framework in Frameworks */,
			);
			runOnlyForDeploymentPostprocessing = 0;
		};
		3D592E48177DFD9800C82F74 /* Frameworks */ = {
			isa = PBXFrameworksBuildPhase;
			buildActionMask = 2147483647;
			files = (
				1D33617918C72B6A00FD4EBC /* QuartzCore.framework in Frameworks */,
				1D42BCBA18AC5961000E2FA1 /* AddressBookUI.framework in Frameworks */,
				1D42BCB818AC595C000E2FA1 /* AddressBook.framework in Frameworks */,
				3D592E4F177DFD9800C82F74 /* UIKit.framework in Frameworks */,
				3D592E51177DFD9800C82F74 /* Foundation.framework in Frameworks */,
				3D592E53177DFD9800C82F74 /* CoreGraphics.framework in Frameworks */,
			);
			runOnlyForDeploymentPostprocessing = 0;
		};
/* End PBXFrameworksBuildPhase section */

/* Begin PBXGroup section */
		1D0C47ED1890F52C006F35C0 /* WYPopoverController */ = {
			isa = PBXGroup;
			children = (
				1D0C47EE1890F52C006F35C0 /* WYPopoverController.h */,
				1D0C47EF1890F52C006F35C0 /* WYPopoverController.m */,
				1D0C47F01890F52C006F35C0 /* WYStoryboardPopoverSegue.h */,
				1D0C47F11890F52C006F35C0 /* WYStoryboardPopoverSegue.m */,
			);
			path = WYPopoverController;
			sourceTree = "<group>";
		};
		1D21C45E18B75A89000D3F4E /* ASCScreenBrightnessDetector */ = {
			isa = PBXGroup;
			children = (
				1D21C45F18B75A89000D3F4E /* ASCScreenBrightnessDetector.h */,
				1D21C46018B75A89000D3F4E /* ASCScreenBrightnessDetector.m */,
			);
			path = ASCScreenBrightnessDetector;
			sourceTree = "<group>";
		};
		1D33617118C71D7100FD4EBC /* Resources */ = {
			isa = PBXGroup;
			children = (
				1D512BC018C808B800476419 /* ContextMenu */,
				1D33617218C71D7100FD4EBC /* MainViewBackground@2x.png */,
			);
			path = Resources;
			sourceTree = "<group>";
		};
		1D33617418C7293600FD4EBC /* GHContextMenu */ = {
			isa = PBXGroup;
			children = (
				1D33617518C7293600FD4EBC /* GHContextMenuView.h */,
				1D33617618C7293600FD4EBC /* GHContextMenuView.m */,
			);
			path = GHContextMenu;
			sourceTree = "<group>";
		};
		1D512BC018C808B800476419 /* ContextMenu */ = {
			isa = PBXGroup;
			children = (
				1D512BC118C808B800476419 /* contextMenu_add_user@2x.png */,
				1D512BC218C808B800476419 /* contextMenu_contacts@2x.png */,
				1D512BC318C808B800476419 /* contextMenu_phone@2x.png */,
			);
			path = ContextMenu;
			sourceTree = "<group>";
		};
		1D56711A18C5BD4800412DC5 /* DialingCodesHelper */ = {
			isa = PBXGroup;
			children = (
				1D56711718C5BD4300412DC5 /* DiallingCodesHelper.h */,
				1D56711818C5BD4300412DC5 /* DiallingCodesHelper.m */,
			);
			name = DialingCodesHelper;
			sourceTree = "<group>";
		};
		1D6B4B9118A9DACE0098ADDB /* IDD Dialer Tests */ = {
			isa = PBXGroup;
			children = (
				1D6B4B9718A9DACE0098ADDB /* IDD_Dialer_Tests.m */,
				1D6B4B9218A9DACE0098ADDB /* Supporting Files */,
			);
			path = "IDD Dialer Tests";
			sourceTree = "<group>";
		};
		1D6B4B9218A9DACE0098ADDB /* Supporting Files */ = {
			isa = PBXGroup;
			children = (
				1D6B4B9318A9DACE0098ADDB /* IDD Dialer Tests-Info.plist */,
				1D6B4B9418A9DACE0098ADDB /* InfoPlist.strings */,
				1D6B4B9918A9DACE0098ADDB /* IDD Dialer Tests-Prefix.pch */,
			);
			name = "Supporting Files";
			sourceTree = "<group>";
		};
		3D592E42177DFD9800C82F74 = {
			isa = PBXGroup;
			children = (
				3D592E7F177E43FB00C82F74 /* icon.png */,
				3D592E7D177E43F700C82F74 /* icon@2x.png */,
				3D592E54177DFD9800C82F74 /* IDD Dialer */,
				1D6B4B9118A9DACE0098ADDB /* IDD Dialer Tests */,
				3D592E4D177DFD9800C82F74 /* Frameworks */,
				1D33617118C71D7100FD4EBC /* Resources */,
				3D592E4C177DFD9800C82F74 /* Products */,
			);
			sourceTree = "<group>";
			usesTabs = 0;
		};
		3D592E4C177DFD9800C82F74 /* Products */ = {
			isa = PBXGroup;
			children = (
				3D592E4B177DFD9800C82F74 /* IDD Dialer.app */,
				1D6B4B8D18A9DACE0098ADDB /* IDD Dialer Tests.xctest */,
			);
			name = Products;
			sourceTree = "<group>";
		};
		3D592E4D177DFD9800C82F74 /* Frameworks */ = {
			isa = PBXGroup;
			children = (
				1D33617818C72B6A00FD4EBC /* QuartzCore.framework */,
				1D42BCB918AC5960000E2FA1 /* AddressBookUI.framework */,
				1D42BCB718AC595C000E2FA1 /* AddressBook.framework */,
				1D6B4B8718A9DA940098ADDB /* XCTest.framework */,
				3D592E4E177DFD9800C82F74 /* UIKit.framework */,
				3D592E50177DFD9800C82F74 /* Foundation.framework */,
				3D592E52177DFD9800C82F74 /* CoreGraphics.framework */,
			);
			name = Frameworks;
			sourceTree = "<group>";
		};
		3D592E54177DFD9800C82F74 /* IDD Dialer */ = {
			isa = PBXGroup;
			children = (
				1D33617418C7293600FD4EBC /* GHContextMenu */,
				1D21C45E18B75A89000D3F4E /* ASCScreenBrightnessDetector */,
				1D0C47ED1890F52C006F35C0 /* WYPopoverController */,
				1D56711A18C5BD4800412DC5 /* DialingCodesHelper */,
				3D592E5D177DFD9800C82F74 /* AppDelegate.h */,
				3D592E5E177DFD9800C82F74 /* AppDelegate.m */,
				3D592E66177DFD9800C82F74 /* MainViewController.h */,
				3D592E67177DFD9800C82F74 /* MainViewController.m */,
				3D592E69177DFD9900C82F74 /* MainViewController.xib */,
				1D0C47FA1890F6EE006F35C0 /* SelectorTableViewController.h */,
				1D0C47FB1890F6EE006F35C0 /* SelectorTableViewController.m */,
				3D592E74177E3A3B00C82F74 /* SettingViewController.h */,
				3D592E75177E3A3B00C82F74 /* SettingViewController.m */,
				3D592E76177E3A3B00C82F74 /* SettingViewController.xib */,
				3D6C52F9177EE19200203EB6 /* AddIDDViewController.h */,
				3D6C52FA177EE19200203EB6 /* AddIDDViewController.m */,
				3D6C52FB177EE19200203EB6 /* AddIDDViewController.xib */,
				1D663AB918D1846700B3B537 /* IDNumPadView.h */,
				1D663ABA18D1846700B3B537 /* IDNumPadView.m */,
				3D592E55177DFD9800C82F74 /* Supporting Files */,
			);
			path = "IDD Dialer";
			sourceTree = "<group>";
		};
		3D592E55177DFD9800C82F74 /* Supporting Files */ = {
			isa = PBXGroup;
			children = (
				1D56711518C5BCDA00412DC5 /* DiallingCodes.plist */,
				1DD7EA21190E471D006C94A4 /* Preference.plist */,
				3D6C52F5177EB89500203EB6 /* CountryCodeData.plist */,
				3D6C52F6177EB89500203EB6 /* IDDData.plist */,
				3D592E56177DFD9800C82F74 /* IDD Dialer-Info.plist */,
				3D592E57177DFD9800C82F74 /* InfoPlist.strings */,
				3D592E5A177DFD9800C82F74 /* main.m */,
				3D592E5C177DFD9800C82F74 /* IDD Dialer-Prefix.pch */,
				3D592E60177DFD9800C82F74 /* Default.png */,
				3D592E62177DFD9800C82F74 /* Default@2x.png */,
				3D592E64177DFD9800C82F74 /* Default-568h@2x.png */,
			);
			name = "Supporting Files";
			sourceTree = "<group>";
		};
/* End PBXGroup section */

/* Begin PBXNativeTarget section */
		1D6B4B8C18A9DACE0098ADDB /* IDD Dialer Tests */ = {
			isa = PBXNativeTarget;
			buildConfigurationList = 1D6B4B9C18A9DACE0098ADDB /* Build configuration list for PBXNativeTarget "IDD Dialer Tests" */;
			buildPhases = (
				1D6B4B8918A9DACE0098ADDB /* Sources */,
				1D6B4B8A18A9DACE0098ADDB /* Frameworks */,
				1D6B4B8B18A9DACE0098ADDB /* Resources */,
			);
			buildRules = (
			);
			dependencies = (
				1D6B4B9B18A9DACE0098ADDB /* PBXTargetDependency */,
			);
			name = "IDD Dialer Tests";
			productName = "IDD Dialer Tests";
			productReference = 1D6B4B8D18A9DACE0098ADDB /* IDD Dialer Tests.xctest */;
			productType = "com.apple.product-type.bundle.unit-test";
		};
		3D592E4A177DFD9800C82F74 /* IDD Dialer */ = {
			isa = PBXNativeTarget;
			buildConfigurationList = 3D592E6E177DFD9900C82F74 /* Build configuration list for PBXNativeTarget "IDD Dialer" */;
			buildPhases = (
				3D592E47177DFD9800C82F74 /* Sources */,
				3D592E48177DFD9800C82F74 /* Frameworks */,
				3D592E49177DFD9800C82F74 /* Resources */,
				1DD850E61890BCB70030E086 /* ShellScript */,
			);
			buildRules = (
			);
			dependencies = (
			);
			name = "IDD Dialer";
			productName = "IDD Dialer";
			productReference = 3D592E4B177DFD9800C82F74 /* IDD Dialer.app */;
			productType = "com.apple.product-type.application";
		};
/* End PBXNativeTarget section */

/* Begin PBXProject section */
		3D592E43177DFD9800C82F74 /* Project object */ = {
			isa = PBXProject;
			attributes = {
				LastUpgradeCheck = 0460;
				ORGANIZATIONNAME = RayCom;
				TargetAttributes = {
					1D6B4B8C18A9DACE0098ADDB = {
						TestTargetID = 3D592E4A177DFD9800C82F74;
					};
				};
			};
			buildConfigurationList = 3D592E46177DFD9800C82F74 /* Build configuration list for PBXProject "IDD Dialer" */;
			compatibilityVersion = "Xcode 3.2";
			developmentRegion = English;
			hasScannedForEncodings = 0;
			knownRegions = (
				en,
			);
			mainGroup = 3D592E42177DFD9800C82F74;
			productRefGroup = 3D592E4C177DFD9800C82F74 /* Products */;
			projectDirPath = "";
			projectRoot = "";
			targets = (
				3D592E4A177DFD9800C82F74 /* IDD Dialer */,
				1D6B4B8C18A9DACE0098ADDB /* IDD Dialer Tests */,
			);
		};
/* End PBXProject section */

/* Begin PBXResourcesBuildPhase section */
		1D6B4B8B18A9DACE0098ADDB /* Resources */ = {
			isa = PBXResourcesBuildPhase;
			buildActionMask = 2147483647;
			files = (
				1D6B4B9618A9DACE0098ADDB /* InfoPlist.strings in Resources */,
			);
			runOnlyForDeploymentPostprocessing = 0;
		};
		3D592E49177DFD9800C82F74 /* Resources */ = {
			isa = PBXResourcesBuildPhase;
			buildActionMask = 2147483647;
			files = (
				3D592E59177DFD9800C82F74 /* InfoPlist.strings in Resources */,
				1D33617318C71D7100FD4EBC /* MainViewBackground@2x.png in Resources */,
				1D512BC418C808B800476419 /* contextMenu_add_user@2x.png in Resources */,
				3D592E61177DFD9800C82F74 /* Default.png in Resources */,
				3D592E63177DFD9800C82F74 /* Default@2x.png in Resources */,
				3D592E65177DFD9800C82F74 /* Default-568h@2x.png in Resources */,
				3D592E6B177DFD9900C82F74 /* MainViewController.xib in Resources */,
				3D592E78177E3A3B00C82F74 /* SettingViewController.xib in Resources */,
				1DD7EA22190E471D006C94A4 /* Preference.plist in Resources */,
				1D512BC618C808B800476419 /* contextMenu_phone@2x.png in Resources */,
				3D592E7E177E43F700C82F74 /* icon@2x.png in Resources */,
				1D512BC518C808B800476419 /* contextMenu_contacts@2x.png in Resources */,
				3D592E80177E43FB00C82F74 /* icon.png in Resources */,
				3D6C52F7177EB89500203EB6 /* CountryCodeData.plist in Resources */,
				3D6C52F8177EB89500203EB6 /* IDDData.plist in Resources */,
				3D6C52FD177EE19200203EB6 /* AddIDDViewController.xib in Resources */,
				1D56711618C5BCDA00412DC5 /* DiallingCodes.plist in Resources */,
			);
			runOnlyForDeploymentPostprocessing = 0;
		};
/* End PBXResourcesBuildPhase section */

/* Begin PBXShellScriptBuildPhase section */
		1DD850E61890BCB70030E086 /* ShellScript */ = {
			isa = PBXShellScriptBuildPhase;
			buildActionMask = 2147483647;
			files = (
			);
			inputPaths = (
			);
			outputPaths = (
			);
			runOnlyForDeploymentPostprocessing = 0;
			shellPath = /bin/sh;
			shellScript = "#!/bin/bash\nbuildNumber=$(/usr/libexec/PlistBuddy -c \"Print CFBundleVersion\" \"$INFOPLIST_FILE\")\nbuildNumber=$(($buildNumber + 1))\n/usr/libexec/PlistBuddy -c \"Set :CFBundleVersion $buildNumber\" \"$INFOPLIST_FILE\"";
		};
/* End PBXShellScriptBuildPhase section */

/* Begin PBXSourcesBuildPhase section */
		1D6B4B8918A9DACE0098ADDB /* Sources */ = {
			isa = PBXSourcesBuildPhase;
			buildActionMask = 2147483647;
			files = (
				1D6B4B9818A9DACE0098ADDB /* IDD_Dialer_Tests.m in Sources */,
			);
			runOnlyForDeploymentPostprocessing = 0;
		};
		3D592E47177DFD9800C82F74 /* Sources */ = {
			isa = PBXSourcesBuildPhase;
			buildActionMask = 2147483647;
			files = (
				3D592E5B177DFD9800C82F74 /* main.m in Sources */,
				3D592E5F177DFD9800C82F74 /* AppDelegate.m in Sources */,
				3D592E68177DFD9800C82F74 /* MainViewController.m in Sources */,
				1D21C46118B75A89000D3F4E /* ASCScreenBrightnessDetector.m in Sources */,
				1D0C47F31890F52C006F35C0 /* WYStoryboardPopoverSegue.m in Sources */,
				1D33617718C7293600FD4EBC /* GHContextMenuView.m in Sources */,
				1D56711918C5BD4300412DC5 /* DiallingCodesHelper.m in Sources */,
				1D0C47F21890F52C006F35C0 /* WYPopoverController.m in Sources */,
				1D663ABB18D1846700B3B537 /* IDNumPadView.m in Sources */,
				1D0C47FC1890F6EE006F35C0 /* SelectorTableViewController.m in Sources */,
				3D592E77177E3A3B00C82F74 /* SettingViewController.m in Sources */,
				3D6C52FC177EE19200203EB6 /* AddIDDViewController.m in Sources */,
			);
			runOnlyForDeploymentPostprocessing = 0;
		};
/* End PBXSourcesBuildPhase section */

/* Begin PBXTargetDependency section */
		1D6B4B9B18A9DACE0098ADDB /* PBXTargetDependency */ = {
			isa = PBXTargetDependency;
			target = 3D592E4A177DFD9800C82F74 /* IDD Dialer */;
			targetProxy = 1D6B4B9A18A9DACE0098ADDB /* PBXContainerItemProxy */;
		};
/* End PBXTargetDependency section */

/* Begin PBXVariantGroup section */
		1D6B4B9418A9DACE0098ADDB /* InfoPlist.strings */ = {
			isa = PBXVariantGroup;
			children = (
				1D6B4B9518A9DACE0098ADDB /* en */,
			);
			name = InfoPlist.strings;
			sourceTree = "<group>";
		};
		3D592E57177DFD9800C82F74 /* InfoPlist.strings */ = {
			isa = PBXVariantGroup;
			children = (
				3D592E58177DFD9800C82F74 /* en */,
			);
			name = InfoPlist.strings;
			sourceTree = "<group>";
		};
		3D592E69177DFD9900C82F74 /* MainViewController.xib */ = {
			isa = PBXVariantGroup;
			children = (
				3D592E6A177DFD9900C82F74 /* en */,
			);
			name = MainViewController.xib;
			sourceTree = "<group>";
		};
/* End PBXVariantGroup section */

/* Begin XCBuildConfiguration section */
		1D6B4B9D18A9DACE0098ADDB /* Debug */ = {
			isa = XCBuildConfiguration;
			buildSettings = {
				ARCHS = "$(ARCHS_STANDARD_INCLUDING_64_BIT)";
				BUNDLE_LOADER = "$(BUILT_PRODUCTS_DIR)/IDD Dialer.app/IDD Dialer";
				CLANG_ENABLE_MODULES = YES;
				CLANG_WARN_BOOL_CONVERSION = YES;
				CLANG_WARN_DIRECT_OBJC_ISA_USAGE = YES_ERROR;
				CLANG_WARN_OBJC_ROOT_CLASS = YES_ERROR;
				FRAMEWORK_SEARCH_PATHS = (
					"$(SDKROOT)/Developer/Library/Frameworks",
					"$(inherited)",
					"$(DEVELOPER_FRAMEWORKS_DIR)",
				);
				GCC_PRECOMPILE_PREFIX_HEADER = YES;
				GCC_PREFIX_HEADER = "IDD Dialer Tests/IDD Dialer Tests-Prefix.pch";
				GCC_PREPROCESSOR_DEFINITIONS = (
					"DEBUG=1",
					"$(inherited)",
				);
				GCC_WARN_64_TO_32_BIT_CONVERSION = YES;
				GCC_WARN_ABOUT_RETURN_TYPE = YES_ERROR;
				GCC_WARN_UNDECLARED_SELECTOR = YES;
				GCC_WARN_UNUSED_FUNCTION = YES;
				INFOPLIST_FILE = "IDD Dialer Tests/IDD Dialer Tests-Info.plist";
				IPHONEOS_DEPLOYMENT_TARGET = 7.0;
				PRODUCT_NAME = "$(TARGET_NAME)";
				TEST_HOST = "$(BUNDLE_LOADER)";
				WRAPPER_EXTENSION = xctest;
			};
			name = Debug;
		};
		1D6B4B9E18A9DACE0098ADDB /* Release */ = {
			isa = XCBuildConfiguration;
			buildSettings = {
				ARCHS = "$(ARCHS_STANDARD_INCLUDING_64_BIT)";
				BUNDLE_LOADER = "$(BUILT_PRODUCTS_DIR)/IDD Dialer.app/IDD Dialer";
				CLANG_ENABLE_MODULES = YES;
				CLANG_WARN_BOOL_CONVERSION = YES;
				CLANG_WARN_DIRECT_OBJC_ISA_USAGE = YES_ERROR;
				CLANG_WARN_OBJC_ROOT_CLASS = YES_ERROR;
				ENABLE_NS_ASSERTIONS = NO;
				FRAMEWORK_SEARCH_PATHS = (
					"$(SDKROOT)/Developer/Library/Frameworks",
					"$(inherited)",
					"$(DEVELOPER_FRAMEWORKS_DIR)",
				);
				GCC_PRECOMPILE_PREFIX_HEADER = YES;
				GCC_PREFIX_HEADER = "IDD Dialer Tests/IDD Dialer Tests-Prefix.pch";
				GCC_WARN_64_TO_32_BIT_CONVERSION = YES;
				GCC_WARN_ABOUT_RETURN_TYPE = YES_ERROR;
				GCC_WARN_UNDECLARED_SELECTOR = YES;
				GCC_WARN_UNUSED_FUNCTION = YES;
				INFOPLIST_FILE = "IDD Dialer Tests/IDD Dialer Tests-Info.plist";
				IPHONEOS_DEPLOYMENT_TARGET = 7.0;
				PRODUCT_NAME = "$(TARGET_NAME)";
				TEST_HOST = "$(BUNDLE_LOADER)";
				WRAPPER_EXTENSION = xctest;
			};
			name = Release;
		};
		3D592E6C177DFD9900C82F74 /* Debug */ = {
			isa = XCBuildConfiguration;
			buildSettings = {
				ALWAYS_SEARCH_USER_PATHS = NO;
				CLANG_CXX_LANGUAGE_STANDARD = "gnu++0x";
				CLANG_CXX_LIBRARY = "libc++";
				CLANG_ENABLE_OBJC_ARC = YES;
				CLANG_WARN_CONSTANT_CONVERSION = YES;
				CLANG_WARN_EMPTY_BODY = YES;
				CLANG_WARN_ENUM_CONVERSION = YES;
				CLANG_WARN_INT_CONVERSION = YES;
				CLANG_WARN__DUPLICATE_METHOD_MATCH = YES;
				"CODE_SIGN_IDENTITY[sdk=iphoneos*]" = "iPhone Developer";
				COPY_PHASE_STRIP = NO;
				GCC_C_LANGUAGE_STANDARD = gnu99;
				GCC_DYNAMIC_NO_PIC = NO;
				GCC_OPTIMIZATION_LEVEL = 0;
				GCC_PREPROCESSOR_DEFINITIONS = (
					"DEBUG=1",
					"$(inherited)",
				);
				GCC_SYMBOLS_PRIVATE_EXTERN = NO;
				GCC_WARN_ABOUT_RETURN_TYPE = YES;
				GCC_WARN_UNINITIALIZED_AUTOS = YES;
				GCC_WARN_UNUSED_VARIABLE = YES;
				IPHONEOS_DEPLOYMENT_TARGET = 6.0;
				ONLY_ACTIVE_ARCH = YES;
				SDKROOT = iphoneos;
			};
			name = Debug;
		};
		3D592E6D177DFD9900C82F74 /* Release */ = {
			isa = XCBuildConfiguration;
			buildSettings = {
				ALWAYS_SEARCH_USER_PATHS = NO;
				CLANG_CXX_LANGUAGE_STANDARD = "gnu++0x";
				CLANG_CXX_LIBRARY = "libc++";
				CLANG_ENABLE_OBJC_ARC = YES;
				CLANG_WARN_CONSTANT_CONVERSION = YES;
				CLANG_WARN_EMPTY_BODY = YES;
				CLANG_WARN_ENUM_CONVERSION = YES;
				CLANG_WARN_INT_CONVERSION = YES;
				CLANG_WARN__DUPLICATE_METHOD_MATCH = YES;
				"CODE_SIGN_IDENTITY[sdk=iphoneos*]" = "iPhone Developer";
				COPY_PHASE_STRIP = YES;
				GCC_C_LANGUAGE_STANDARD = gnu99;
				GCC_WARN_ABOUT_RETURN_TYPE = YES;
				GCC_WARN_UNINITIALIZED_AUTOS = YES;
				GCC_WARN_UNUSED_VARIABLE = YES;
				IPHONEOS_DEPLOYMENT_TARGET = 6.0;
				OTHER_CFLAGS = "-DNS_BLOCK_ASSERTIONS=1";
				SDKROOT = iphoneos;
				VALIDATE_PRODUCT = YES;
			};
			name = Release;
		};
		3D592E6F177DFD9900C82F74 /* Debug */ = {
			isa = XCBuildConfiguration;
			buildSettings = {
				ARCHS = "$(ARCHS_STANDARD_INCLUDING_64_BIT)";
				CLANG_ENABLE_OBJC_ARC = YES;
				CODE_SIGN_IDENTITY = "iPhone Developer";
				FRAMEWORK_SEARCH_PATHS = (
					"$(inherited)",
					"$(DEVELOPER_FRAMEWORKS_DIR)",
				);
				GCC_PRECOMPILE_PREFIX_HEADER = YES;
				GCC_PREFIX_HEADER = "IDD Dialer/IDD Dialer-Prefix.pch";
				INFOPLIST_FILE = "IDD Dialer/IDD Dialer-Info.plist";
				IPHONEOS_DEPLOYMENT_TARGET = 7.0;
				PRODUCT_NAME = "$(TARGET_NAME)";
				PROVISIONING_PROFILE = "";
				WRAPPER_EXTENSION = app;
			};
			name = Debug;
		};
		3D592E70177DFD9900C82F74 /* Release */ = {
			isa = XCBuildConfiguration;
			buildSettings = {
				ARCHS = "$(ARCHS_STANDARD_INCLUDING_64_BIT)";
				CLANG_ENABLE_OBJC_ARC = YES;
				CODE_SIGN_IDENTITY = "iPhone Developer";
				FRAMEWORK_SEARCH_PATHS = (
					"$(inherited)",
					"$(DEVELOPER_FRAMEWORKS_DIR)",
				);
				GCC_PRECOMPILE_PREFIX_HEADER = YES;
				GCC_PREFIX_HEADER = "IDD Dialer/IDD Dialer-Prefix.pch";
				INFOPLIST_FILE = "IDD Dialer/IDD Dialer-Info.plist";
				IPHONEOS_DEPLOYMENT_TARGET = 7.0;
				PRODUCT_NAME = "$(TARGET_NAME)";
				PROVISIONING_PROFILE = "";
				WRAPPER_EXTENSION = app;
			};
			name = Release;
		};
/* End XCBuildConfiguration section */

/* Begin XCConfigurationList section */
		1D6B4B9C18A9DACE0098ADDB /* Build configuration list for PBXNativeTarget "IDD Dialer Tests" */ = {
			isa = XCConfigurationList;
			buildConfigurations = (
				1D6B4B9D18A9DACE0098ADDB /* Debug */,
				1D6B4B9E18A9DACE0098ADDB /* Release */,
			);
			defaultConfigurationIsVisible = 0;
			defaultConfigurationName = Release;
		};
		3D592E46177DFD9800C82F74 /* Build configuration list for PBXProject "IDD Dialer" */ = {
			isa = XCConfigurationList;
			buildConfigurations = (
				3D592E6C177DFD9900C82F74 /* Debug */,
				3D592E6D177DFD9900C82F74 /* Release */,
			);
			defaultConfigurationIsVisible = 0;
			defaultConfigurationName = Release;
		};
		3D592E6E177DFD9900C82F74 /* Build configuration list for PBXNativeTarget "IDD Dialer" */ = {
			isa = XCConfigurationList;
			buildConfigurations = (
				3D592E6F177DFD9900C82F74 /* Debug */,
				3D592E70177DFD9900C82F74 /* Release */,
			);
			defaultConfigurationIsVisible = 0;
			defaultConfigurationName = Release;
		};
/* End XCConfigurationList section */
	};
	rootObject = 3D592E43177DFD9800C82F74 /* Project object */;
}
